
Microsoft Visual Studio Solution File, Format Version 12.00
# Visual Studio 14
VisualStudioVersion = 14.0.25420.1
MinimumVisualStudioVersion = 10.0.40219.1
Project("{FAE04EC0-301F-11D3-BF4B-00C04F79EFBC}") = "Lia.Blog.Web", "1-Presentation\Lia.Blog.Web\Lia.Blog.Web.csproj", "{D7863F83-762C-458B-94BE-591351B46DD7}"
EndProject
Project("{2150E333-8FDC-42A3-9474-1A3956D46DE8}") = "src", "src", "{D4E2C9A0-9F08-4BD0-B5CC-C7B6D6982542}"
EndProject
Project("{2150E333-8FDC-42A3-9474-1A3956D46DE8}") = "1-Presentation", "1-Presentation", "{7912F7D8-4467-4AC3-BC47-2B9F9BF96E9A}"
EndProject
Project("{2150E333-8FDC-42A3-9474-1A3956D46DE8}") = "2-Application", "2-Application", "{57E94557-D3F2-4034-B122-2723FBB181D6}"
EndProject
Project("{2150E333-8FDC-42A3-9474-1A3956D46DE8}") = "3-Domain", "3-Domain", "{9677DA55-23B2-4689-B224-2438D133C7B1}"
EndProject
Project("{2150E333-8FDC-42A3-9474-1A3956D46DE8}") = "4-Infrastructure", "4-Infrastructure", "{6B491C90-58FF-41DF-863A-6319CFB82AEB}"
EndProject
Project("{FAE04EC0-301F-11D3-BF4B-00C04F79EFBC}") = "Lia.Blog.Application.Interfaces", "2-Application\Lia.Blog.Application.Interfaces\Lia.Blog.Application.Interfaces.csproj", "{3A553753-E2A2-4DB0-9C83-D10EF8D6729A}"
EndProject
Project("{FAE04EC0-301F-11D3-BF4B-00C04F79EFBC}") = "Lia.Blog.Domain", "3-Domain\Lia.Blog.Domain\Lia.Blog.Domain.csproj", "{59DF1490-E829-4378-A7AE-72E3F734C9C4}"
EndProject
Project("{FAE04EC0-301F-11D3-BF4B-00C04F79EFBC}") = "Lia.Blog.Infrastructure", "4-Infrastructure\Lia.Blog.Infrastructure\Lia.Blog.Infrastructure.csproj", "{92362F47-A928-408A-9883-5A35439AA696}"
EndProject
Project("{FAE04EC0-301F-11D3-BF4B-00C04F79EFBC}") = "Lia.Blog.Infrastructure.Interfaces", "4-Infrastructure\Lia.Blog.Infrastructure.Interfaces\Lia.Blog.Infrastructure.Interfaces.csproj", "{4B8A6088-D610-468D-BCC0-3661A9E6DC07}"
EndProject
Project("{FAE04EC0-301F-11D3-BF4B-00C04F79EFBC}") = "Lia.Blog.Repository", "4-Infrastructure\Lia.Blog.Repository\Lia.Blog.Repository.csproj", "{4AEAA555-4512-4BDF-9BD4-A85577795C9A}"
EndProject
Project("{2150E333-8FDC-42A3-9474-1A3956D46DE8}") = "9-Test", "9-Test", "{A26B5B67-4361-499C-9D3C-3547FFE78E19}"
EndProject
Project("{FAE04EC0-301F-11D3-BF4B-00C04F79EFBC}") = "Lia.Blog.Test", "9-Test\Lia.Blog.Test\Lia.Blog.Test.csproj", "{C1C990CA-DF57-45F9-920B-99C2C780CE54}"
EndProject
Project("{2150E333-8FDC-42A3-9474-1A3956D46DE8}") = "5-Common", "5-Common", "{9E0CBACD-67FD-429D-AAF2-799C6C70A817}"
EndProject
Project("{FAE04EC0-301F-11D3-BF4B-00C04F79EFBC}") = "Lia.Blog.Utils", "5-Common\Lia.Blog.Utils\Lia.Blog.Utils.csproj", "{FF8FDC01-E124-4A12-AD3C-AA57765A9A47}"
EndProject
Project("{FAE04EC0-301F-11D3-BF4B-00C04F79EFBC}") = "Lia.Blog.Log", "5-Common\Lia.Blog.Log\Lia.Blog.Log.csproj", "{668378C5-2829-4C44-B7FD-4BC0E3EEEA46}"
EndProject
Project("{FAE04EC0-301F-11D3-BF4B-00C04F79EFBC}") = "Lia.Blog.Web.Controllers", "1-Presentation\Lia.Blog.Web.Controllers\Lia.Blog.Web.Controllers.csproj", "{2DADFD4A-4BD8-4ECF-A530-28CB520DEA3D}"
EndProject
Project("{FAE04EC0-301F-11D3-BF4B-00C04F79EFBC}") = "Lia.Blog.Web.Models", "1-Presentation\Lia.Blog.Web.Models\Lia.Blog.Web.Models.csproj", "{40DC33ED-79D0-48A8-8A7C-E832B7886CD0}"
EndProject
Project("{FAE04EC0-301F-11D3-BF4B-00C04F79EFBC}") = "Lia.Blog.Application", "2-Application\Lia.Blog.Application\Lia.Blog.Application.csproj", "{67E52038-5360-437A-8BF3-7BD79F9A9D16}"
EndProject
Global
	GlobalSection(SolutionConfigurationPlatforms) = preSolution
		Debug|Any CPU = Debug|Any CPU
		Release|Any CPU = Release|Any CPU
	EndGlobalSection
	GlobalSection(ProjectConfigurationPlatforms) = postSolution
		{D7863F83-762C-458B-94BE-591351B46DD7}.Debug|Any CPU.ActiveCfg = Debug|Any CPU
		{D7863F83-762C-458B-94BE-591351B46DD7}.Debug|Any CPU.Build.0 = Debug|Any CPU
		{D7863F83-762C-458B-94BE-591351B46DD7}.Release|Any CPU.ActiveCfg = Release|Any CPU
		{D7863F83-762C-458B-94BE-591351B46DD7}.Release|Any CPU.Build.0 = Release|Any CPU
		{3A553753-E2A2-4DB0-9C83-D10EF8D6729A}.Debug|Any CPU.ActiveCfg = Debug|Any CPU
		{3A553753-E2A2-4DB0-9C83-D10EF8D6729A}.Debug|Any CPU.Build.0 = Debug|Any CPU
		{3A553753-E2A2-4DB0-9C83-D10EF8D6729A}.Release|Any CPU.ActiveCfg = Release|Any CPU
		{3A553753-E2A2-4DB0-9C83-D10EF8D6729A}.Release|Any CPU.Build.0 = Release|Any CPU
		{59DF1490-E829-4378-A7AE-72E3F734C9C4}.Debug|Any CPU.ActiveCfg = Debug|Any CPU
		{59DF1490-E829-4378-A7AE-72E3F734C9C4}.Debug|Any CPU.Build.0 = Debug|Any CPU
		{59DF1490-E829-4378-A7AE-72E3F734C9C4}.Release|Any CPU.ActiveCfg = Release|Any CPU
		{59DF1490-E829-4378-A7AE-72E3F734C9C4}.Release|Any CPU.Build.0 = Release|Any CPU
		{92362F47-A928-408A-9883-5A35439AA696}.Debug|Any CPU.ActiveCfg = Debug|Any CPU
		{92362F47-A928-408A-9883-5A35439AA696}.Debug|Any CPU.Build.0 = Debug|Any CPU
		{92362F47-A928-408A-9883-5A35439AA696}.Release|Any CPU.ActiveCfg = Release|Any CPU
		{92362F47-A928-408A-9883-5A35439AA696}.Release|Any CPU.Build.0 = Release|Any CPU
		{4B8A6088-D610-468D-BCC0-3661A9E6DC07}.Debug|Any CPU.ActiveCfg = Debug|Any CPU
		{4B8A6088-D610-468D-BCC0-3661A9E6DC07}.Debug|Any CPU.Build.0 = Debug|Any CPU
		{4B8A6088-D610-468D-BCC0-3661A9E6DC07}.Release|Any CPU.ActiveCfg = Release|Any CPU
		{4B8A6088-D610-468D-BCC0-3661A9E6DC07}.Release|Any CPU.Build.0 = Release|Any CPU
		{4AEAA555-4512-4BDF-9BD4-A85577795C9A}.Debug|Any CPU.ActiveCfg = Debug|Any CPU
		{4AEAA555-4512-4BDF-9BD4-A85577795C9A}.Debug|Any CPU.Build.0 = Debug|Any CPU
		{4AEAA555-4512-4BDF-9BD4-A85577795C9A}.Release|Any CPU.ActiveCfg = Release|Any CPU
		{4AEAA555-4512-4BDF-9BD4-A85577795C9A}.Release|Any CPU.Build.0 = Release|Any CPU
		{C1C990CA-DF57-45F9-920B-99C2C780CE54}.Debug|Any CPU.ActiveCfg = Debug|Any CPU
		{C1C990CA-DF57-45F9-920B-99C2C780CE54}.Debug|Any CPU.Build.0 = Debug|Any CPU
		{C1C990CA-DF57-45F9-920B-99C2C780CE54}.Release|Any CPU.ActiveCfg = Release|Any CPU
		{C1C990CA-DF57-45F9-920B-99C2C780CE54}.Release|Any CPU.Build.0 = Release|Any CPU
		{FF8FDC01-E124-4A12-AD3C-AA57765A9A47}.Debug|Any CPU.ActiveCfg = Debug|Any CPU
		{FF8FDC01-E124-4A12-AD3C-AA57765A9A47}.Debug|Any CPU.Build.0 = Debug|Any CPU
		{FF8FDC01-E124-4A12-AD3C-AA57765A9A47}.Release|Any CPU.ActiveCfg = Release|Any CPU
		{FF8FDC01-E124-4A12-AD3C-AA57765A9A47}.Release|Any CPU.Build.0 = Release|Any CPU
		{668378C5-2829-4C44-B7FD-4BC0E3EEEA46}.Debug|Any CPU.ActiveCfg = Debug|Any CPU
		{668378C5-2829-4C44-B7FD-4BC0E3EEEA46}.Debug|Any CPU.Build.0 = Debug|Any CPU
		{668378C5-2829-4C44-B7FD-4BC0E3EEEA46}.Release|Any CPU.ActiveCfg = Release|Any CPU
		{668378C5-2829-4C44-B7FD-4BC0E3EEEA46}.Release|Any CPU.Build.0 = Release|Any CPU
		{2DADFD4A-4BD8-4ECF-A530-28CB520DEA3D}.Debug|Any CPU.ActiveCfg = Debug|Any CPU
		{2DADFD4A-4BD8-4ECF-A530-28CB520DEA3D}.Debug|Any CPU.Build.0 = Debug|Any CPU
		{2DADFD4A-4BD8-4ECF-A530-28CB520DEA3D}.Release|Any CPU.ActiveCfg = Release|Any CPU
		{2DADFD4A-4BD8-4ECF-A530-28CB520DEA3D}.Release|Any CPU.Build.0 = Release|Any CPU
		{40DC33ED-79D0-48A8-8A7C-E832B7886CD0}.Debug|Any CPU.ActiveCfg = Debug|Any CPU
		{40DC33ED-79D0-48A8-8A7C-E832B7886CD0}.Debug|Any CPU.Build.0 = Debug|Any CPU
		{40DC33ED-79D0-48A8-8A7C-E832B7886CD0}.Release|Any CPU.ActiveCfg = Release|Any CPU
		{40DC33ED-79D0-48A8-8A7C-E832B7886CD0}.Release|Any CPU.Build.0 = Release|Any CPU
		{67E52038-5360-437A-8BF3-7BD79F9A9D16}.Debug|Any CPU.ActiveCfg = Debug|Any CPU
		{67E52038-5360-437A-8BF3-7BD79F9A9D16}.Debug|Any CPU.Build.0 = Debug|Any CPU
		{67E52038-5360-437A-8BF3-7BD79F9A9D16}.Release|Any CPU.ActiveCfg = Release|Any CPU
		{67E52038-5360-437A-8BF3-7BD79F9A9D16}.Release|Any CPU.Build.0 = Release|Any CPU
	EndGlobalSection
	GlobalSection(SolutionProperties) = preSolution
		HideSolutionNode = FALSE
	EndGlobalSection
	GlobalSection(NestedProjects) = preSolution
		{D7863F83-762C-458B-94BE-591351B46DD7} = {7912F7D8-4467-4AC3-BC47-2B9F9BF96E9A}
		{7912F7D8-4467-4AC3-BC47-2B9F9BF96E9A} = {D4E2C9A0-9F08-4BD0-B5CC-C7B6D6982542}
		{57E94557-D3F2-4034-B122-2723FBB181D6} = {D4E2C9A0-9F08-4BD0-B5CC-C7B6D6982542}
		{9677DA55-23B2-4689-B224-2438D133C7B1} = {D4E2C9A0-9F08-4BD0-B5CC-C7B6D6982542}
		{6B491C90-58FF-41DF-863A-6319CFB82AEB} = {D4E2C9A0-9F08-4BD0-B5CC-C7B6D6982542}
		{3A553753-E2A2-4DB0-9C83-D10EF8D6729A} = {57E94557-D3F2-4034-B122-2723FBB181D6}
		{59DF1490-E829-4378-A7AE-72E3F734C9C4} = {9677DA55-23B2-4689-B224-2438D133C7B1}
		{92362F47-A928-408A-9883-5A35439AA696} = {6B491C90-58FF-41DF-863A-6319CFB82AEB}
		{4B8A6088-D610-468D-BCC0-3661A9E6DC07} = {6B491C90-58FF-41DF-863A-6319CFB82AEB}
		{4AEAA555-4512-4BDF-9BD4-A85577795C9A} = {6B491C90-58FF-41DF-863A-6319CFB82AEB}
		{A26B5B67-4361-499C-9D3C-3547FFE78E19} = {D4E2C9A0-9F08-4BD0-B5CC-C7B6D6982542}
		{C1C990CA-DF57-45F9-920B-99C2C780CE54} = {A26B5B67-4361-499C-9D3C-3547FFE78E19}
		{9E0CBACD-67FD-429D-AAF2-799C6C70A817} = {D4E2C9A0-9F08-4BD0-B5CC-C7B6D6982542}
		{FF8FDC01-E124-4A12-AD3C-AA57765A9A47} = {9E0CBACD-67FD-429D-AAF2-799C6C70A817}
		{668378C5-2829-4C44-B7FD-4BC0E3EEEA46} = {9E0CBACD-67FD-429D-AAF2-799C6C70A817}
		{2DADFD4A-4BD8-4ECF-A530-28CB520DEA3D} = {7912F7D8-4467-4AC3-BC47-2B9F9BF96E9A}
		{40DC33ED-79D0-48A8-8A7C-E832B7886CD0} = {7912F7D8-4467-4AC3-BC47-2B9F9BF96E9A}
		{67E52038-5360-437A-8BF3-7BD79F9A9D16} = {57E94557-D3F2-4034-B122-2723FBB181D6}
	EndGlobalSection
EndGlobal
